
Microsoft Visual Studio Solution File, Format Version 12.00
# Visual Studio Version 17
VisualStudioVersion = 17.5.33516.290
MinimumVisualStudioVersion = 10.0.40219.1
Project("{FAE04EC0-301F-11D3-BF4B-00C04F79EFBC}") = "UalaSelecionado8", "UalaSelecionado8.csproj", "{773CAE6B-06CD-4502-86FE-830774C5176F}"
EndProject
Global
	GlobalSection(SolutionConfigurationPlatforms) = preSolution
		Debug|Any CPU = Debug|Any CPU
		Release|Any CPU = Release|Any CPU
	EndGlobalSection
	GlobalSection(ProjectConfigurationPlatforms) = postSolution
		{773CAE6B-06CD-4502-86FE-830774C5176F}.Debug|Any CPU.ActiveCfg = Debug|Any CPU
		{773CAE6B-06CD-4502-86FE-830774C5176F}.Debug|Any CPU.Build.0 = Debug|Any CPU
		{773CAE6B-06CD-4502-86FE-830774C5176F}.Release|Any CPU.ActiveCfg = Release|Any CPU
		{773CAE6B-06CD-4502-86FE-830774C5176F}.Release|Any CPU.Build.0 = Release|Any CPU
	EndGlobalSection
	GlobalSection(SolutionProperties) = preSolution
		HideSolutionNode = FALSE
	EndGlobalSection
	GlobalSection(ExtensibilityGlobals) = postSolution
		SolutionGuid = {0CB94CB1-F42F-47CB-AB01-FA4BC2354849}
	EndGlobalSection
EndGlobal
